
Microsoft Visual Studio Solution File, Format Version 12.00
# Visual Studio Version 17
VisualStudioVersion = 17.11.0.0
MinimumVisualStudioVersion = 10.0.40219.1
Project("{2150E333-8FDC-42A3-9474-1A3956D46DE8}") = "src", "src", "{E0000000-0000-4000-8000-000000000001}"
EndProject
Project("{2150E333-8FDC-42A3-9474-1A3956D46DE8}") = "client", "client", "{E0000000-0000-4000-8000-000000000002}"
EndProject
Project("{2150E333-8FDC-42A3-9474-1A3956D46DE8}") = "shared", "shared", "{E0000000-0000-4000-8000-000000000003}"
EndProject
Project("{2150E333-8FDC-42A3-9474-1A3956D46DE8}") = "server", "server", "{E0000000-0000-4000-8000-000000000004}"
EndProject
Project("{9A19103F-16F7-4668-BE54-9A1E7A4F7556}") = "MEPAuto.Contracts", "shared\MEPAuto.Contracts\MEPAuto.Contracts.csproj", "{D0A1A0C0-0001-4001-8001-000000000001}"
EndProject
Project("{9A19103F-16F7-4668-BE54-9A1E7A4F7556}") = "MEPAuto.Client.Common", "src\client\MEPAuto.Client.Common\MEPAuto.Client.Common.csproj", "{D0A1A0C0-0002-4001-8001-000000000002}"
EndProject
Project("{9A19103F-16F7-4668-BE54-9A1E7A4F7556}") = "MEPAuto.Client.Shell", "src\client\MEPAuto.Client.Shell\MEPAuto.Client.Shell.csproj", "{D0A1A0C0-0003-4001-8001-000000000003}"
EndProject
Project("{9A19103F-16F7-4668-BE54-9A1E7A4F7556}") = "MEPAuto.Server.Core", "src\server\MEPAuto.Server.Core\MEPAuto.Server.Core.csproj", "{D0A1A0C0-0011-4001-8001-000000000011}"
EndProject
Project("{9A19103F-16F7-4668-BE54-9A1E7A4F7556}") = "MEPAuto.Server.Infrastructure.FileSystem", "src\server\MEPAuto.Server.Infrastructure.FileSystem\MEPAuto.Server.Infrastructure.FileSystem.csproj", "{D0A1A0C0-0012-4001-8001-000000000012}"
EndProject
Project("{9A19103F-16F7-4668-BE54-9A1E7A4F7556}") = "MEPAuto.Server.Api", "src\server\MEPAuto.Server.Api\MEPAuto.Server.Api.csproj", "{D0A1A0C0-0013-4001-8001-000000000013}"
EndProject
Project("{9A19103F-16F7-4668-BE54-9A1E7A4F7556}") = "MEPAuto.HelloWorld", "src\client\features\MEPAuto.HelloWorld\MEPAuto.HelloWorld.csproj", "{D0A1A0C0-0021-4001-8001-000000000021}"
EndProject
Project("{9A19103F-16F7-4668-BE54-9A1E7A4F7556}") = "MEPAuto.Server.HelloWorld", "src\server\features\MEPAuto.Server.HelloWorld\MEPAuto.Server.HelloWorld.csproj", "{D0A1A0C0-0022-4001-8001-000000000022}"
EndProject
Project("{9A19103F-16F7-4668-BE54-9A1E7A4F7556}") = "MEPAuto.Server.Versioning", "src\server\features\MEPAuto.Server.Versioning\MEPAuto.Server.Versioning.csproj", "{D0A1A0C0-0023-4001-8001-000000000023}"
EndProject
Project("{2150E333-8FDC-42A3-9474-1A3956D46DE8}") = "tests", "tests", "{1AB3BF05-4346-4AA6-1389-037BE0695223}"
EndProject
Project("{9A19103F-16F7-4668-BE54-9A1E7A4F7556}") = "MEPAuto.Server.Tests", "tests\MEPAuto.Server.Tests\MEPAuto.Server.Tests.csproj", "{E6C4D62E-91EA-48D2-90A7-DED1D12F749A}"
EndProject
Project("{2150E333-8FDC-42A3-9474-1A3956D46DE8}") = "features", "features", "{A8BBD8B8-4D41-B0E7-BECE-1F7ECE8CF427}"
EndProject
Global
	GlobalSection(SolutionConfigurationPlatforms) = preSolution
		Debug-2022|Any CPU = Debug-2022|Any CPU
		Release-2022|Any CPU = Release-2022|Any CPU
		Debug-2023|Any CPU = Debug-2023|Any CPU
		Release-2023|Any CPU = Release-2023|Any CPU
		Debug-2024|Any CPU = Debug-2024|Any CPU
		Release-2024|Any CPU = Release-2024|Any CPU
		Debug-2025|Any CPU = Debug-2025|Any CPU
		Release-2025|Any CPU = Release-2025|Any CPU
		Debug-2026|Any CPU = Debug-2026|Any CPU
		Release-2026|Any CPU = Release-2026|Any CPU
		Debug-2027|Any CPU = Debug-2027|Any CPU
		Release-2027|Any CPU = Release-2027|Any CPU
	EndGlobalSection
	GlobalSection(ProjectConfigurationPlatforms) = postSolution
		{D0A1A0C0-0001-4001-8001-000000000001}.Debug-2022|Any CPU.ActiveCfg = Debug-2022|Any CPU
		{D0A1A0C0-0001-4001-8001-000000000001}.Debug-2022|Any CPU.Build.0 = Debug-2022|Any CPU
		{D0A1A0C0-0001-4001-8001-000000000001}.Release-2022|Any CPU.ActiveCfg = Release-2022|Any CPU
		{D0A1A0C0-0001-4001-8001-000000000001}.Release-2022|Any CPU.Build.0 = Release-2022|Any CPU
		{D0A1A0C0-0001-4001-8001-000000000001}.Debug-2023|Any CPU.ActiveCfg = Debug-2023|Any CPU
		{D0A1A0C0-0001-4001-8001-000000000001}.Debug-2023|Any CPU.Build.0 = Debug-2023|Any CPU
		{D0A1A0C0-0001-4001-8001-000000000001}.Release-2023|Any CPU.ActiveCfg = Release-2023|Any CPU
		{D0A1A0C0-0001-4001-8001-000000000001}.Release-2023|Any CPU.Build.0 = Release-2023|Any CPU
		{D0A1A0C0-0001-4001-8001-000000000001}.Debug-2024|Any CPU.ActiveCfg = Debug-2024|Any CPU
		{D0A1A0C0-0001-4001-8001-000000000001}.Debug-2024|Any CPU.Build.0 = Debug-2024|Any CPU
		{D0A1A0C0-0001-4001-8001-000000000001}.Release-2024|Any CPU.ActiveCfg = Release-2024|Any CPU
		{D0A1A0C0-0001-4001-8001-000000000001}.Release-2024|Any CPU.Build.0 = Release-2024|Any CPU
		{D0A1A0C0-0001-4001-8001-000000000001}.Debug-2025|Any CPU.ActiveCfg = Debug-2025|Any CPU
		{D0A1A0C0-0001-4001-8001-000000000001}.Debug-2025|Any CPU.Build.0 = Debug-2025|Any CPU
		{D0A1A0C0-0001-4001-8001-000000000001}.Release-2025|Any CPU.ActiveCfg = Release-2025|Any CPU
		{D0A1A0C0-0001-4001-8001-000000000001}.Release-2025|Any CPU.Build.0 = Release-2025|Any CPU
		{D0A1A0C0-0001-4001-8001-000000000001}.Debug-2026|Any CPU.ActiveCfg = Debug-2026|Any CPU
		{D0A1A0C0-0001-4001-8001-000000000001}.Debug-2026|Any CPU.Build.0 = Debug-2026|Any CPU
		{D0A1A0C0-0001-4001-8001-000000000001}.Release-2026|Any CPU.ActiveCfg = Release-2026|Any CPU
		{D0A1A0C0-0001-4001-8001-000000000001}.Release-2026|Any CPU.Build.0 = Release-2026|Any CPU
		{D0A1A0C0-0001-4001-8001-000000000001}.Debug-2027|Any CPU.ActiveCfg = Debug-2027|Any CPU
		{D0A1A0C0-0001-4001-8001-000000000001}.Debug-2027|Any CPU.Build.0 = Debug-2027|Any CPU
		{D0A1A0C0-0001-4001-8001-000000000001}.Release-2027|Any CPU.ActiveCfg = Release-2027|Any CPU
		{D0A1A0C0-0001-4001-8001-000000000001}.Release-2027|Any CPU.Build.0 = Release-2027|Any CPU
		{D0A1A0C0-0002-4001-8001-000000000002}.Debug-2022|Any CPU.ActiveCfg = Debug-2022|Any CPU
		{D0A1A0C0-0002-4001-8001-000000000002}.Debug-2022|Any CPU.Build.0 = Debug-2022|Any CPU
		{D0A1A0C0-0002-4001-8001-000000000002}.Release-2022|Any CPU.ActiveCfg = Release-2022|Any CPU
		{D0A1A0C0-0002-4001-8001-000000000002}.Release-2022|Any CPU.Build.0 = Release-2022|Any CPU
		{D0A1A0C0-0002-4001-8001-000000000002}.Debug-2023|Any CPU.ActiveCfg = Debug-2023|Any CPU
		{D0A1A0C0-0002-4001-8001-000000000002}.Debug-2023|Any CPU.Build.0 = Debug-2023|Any CPU
		{D0A1A0C0-0002-4001-8001-000000000002}.Release-2023|Any CPU.ActiveCfg = Release-2023|Any CPU
		{D0A1A0C0-0002-4001-8001-000000000002}.Release-2023|Any CPU.Build.0 = Release-2023|Any CPU
		{D0A1A0C0-0002-4001-8001-000000000002}.Debug-2024|Any CPU.ActiveCfg = Debug-2024|Any CPU
		{D0A1A0C0-0002-4001-8001-000000000002}.Debug-2024|Any CPU.Build.0 = Debug-2024|Any CPU
		{D0A1A0C0-0002-4001-8001-000000000002}.Release-2024|Any CPU.ActiveCfg = Release-2024|Any CPU
		{D0A1A0C0-0002-4001-8001-000000000002}.Release-2024|Any CPU.Build.0 = Release-2024|Any CPU
		{D0A1A0C0-0002-4001-8001-000000000002}.Debug-2025|Any CPU.ActiveCfg = Debug-2025|Any CPU
		{D0A1A0C0-0002-4001-8001-000000000002}.Debug-2025|Any CPU.Build.0 = Debug-2025|Any CPU
		{D0A1A0C0-0002-4001-8001-000000000002}.Release-2025|Any CPU.ActiveCfg = Release-2025|Any CPU
		{D0A1A0C0-0002-4001-8001-000000000002}.Release-2025|Any CPU.Build.0 = Release-2025|Any CPU
		{D0A1A0C0-0002-4001-8001-000000000002}.Debug-2026|Any CPU.ActiveCfg = Debug-2026|Any CPU
		{D0A1A0C0-0002-4001-8001-000000000002}.Debug-2026|Any CPU.Build.0 = Debug-2026|Any CPU
		{D0A1A0C0-0002-4001-8001-000000000002}.Release-2026|Any CPU.ActiveCfg = Release-2026|Any CPU
		{D0A1A0C0-0002-4001-8001-000000000002}.Release-2026|Any CPU.Build.0 = Release-2026|Any CPU
		{D0A1A0C0-0002-4001-8001-000000000002}.Debug-2027|Any CPU.ActiveCfg = Debug-2027|Any CPU
		{D0A1A0C0-0002-4001-8001-000000000002}.Debug-2027|Any CPU.Build.0 = Debug-2027|Any CPU
		{D0A1A0C0-0002-4001-8001-000000000002}.Release-2027|Any CPU.ActiveCfg = Release-2027|Any CPU
		{D0A1A0C0-0002-4001-8001-000000000002}.Release-2027|Any CPU.Build.0 = Release-2027|Any CPU
		{D0A1A0C0-0003-4001-8001-000000000003}.Debug-2022|Any CPU.ActiveCfg = Debug-2022|Any CPU
		{D0A1A0C0-0003-4001-8001-000000000003}.Debug-2022|Any CPU.Build.0 = Debug-2022|Any CPU
		{D0A1A0C0-0003-4001-8001-000000000003}.Release-2022|Any CPU.ActiveCfg = Release-2022|Any CPU
		{D0A1A0C0-0003-4001-8001-000000000003}.Release-2022|Any CPU.Build.0 = Release-2022|Any CPU
		{D0A1A0C0-0003-4001-8001-000000000003}.Debug-2023|Any CPU.ActiveCfg = Debug-2023|Any CPU
		{D0A1A0C0-0003-4001-8001-000000000003}.Debug-2023|Any CPU.Build.0 = Debug-2023|Any CPU
		{D0A1A0C0-0003-4001-8001-000000000003}.Release-2023|Any CPU.ActiveCfg = Release-2023|Any CPU
		{D0A1A0C0-0003-4001-8001-000000000003}.Release-2023|Any CPU.Build.0 = Release-2023|Any CPU
		{D0A1A0C0-0003-4001-8001-000000000003}.Debug-2024|Any CPU.ActiveCfg = Debug-2024|Any CPU
		{D0A1A0C0-0003-4001-8001-000000000003}.Debug-2024|Any CPU.Build.0 = Debug-2024|Any CPU
		{D0A1A0C0-0003-4001-8001-000000000003}.Release-2024|Any CPU.ActiveCfg = Release-2024|Any CPU
		{D0A1A0C0-0003-4001-8001-000000000003}.Release-2024|Any CPU.Build.0 = Release-2024|Any CPU
		{D0A1A0C0-0003-4001-8001-000000000003}.Debug-2025|Any CPU.ActiveCfg = Debug-2025|Any CPU
		{D0A1A0C0-0003-4001-8001-000000000003}.Debug-2025|Any CPU.Build.0 = Debug-2025|Any CPU
		{D0A1A0C0-0003-4001-8001-000000000003}.Release-2025|Any CPU.ActiveCfg = Release-2025|Any CPU
		{D0A1A0C0-0003-4001-8001-000000000003}.Release-2025|Any CPU.Build.0 = Release-2025|Any CPU
		{D0A1A0C0-0003-4001-8001-000000000003}.Debug-2026|Any CPU.ActiveCfg = Debug-2026|Any CPU
		{D0A1A0C0-0003-4001-8001-000000000003}.Debug-2026|Any CPU.Build.0 = Debug-2026|Any CPU
		{D0A1A0C0-0003-4001-8001-000000000003}.Release-2026|Any CPU.ActiveCfg = Release-2026|Any CPU
		{D0A1A0C0-0003-4001-8001-000000000003}.Release-2026|Any CPU.Build.0 = Release-2026|Any CPU
		{D0A1A0C0-0003-4001-8001-000000000003}.Debug-2027|Any CPU.ActiveCfg = Debug-2027|Any CPU
		{D0A1A0C0-0003-4001-8001-000000000003}.Debug-2027|Any CPU.Build.0 = Debug-2027|Any CPU
		{D0A1A0C0-0003-4001-8001-000000000003}.Release-2027|Any CPU.ActiveCfg = Release-2027|Any CPU
		{D0A1A0C0-0003-4001-8001-000000000003}.Release-2027|Any CPU.Build.0 = Release-2027|Any CPU
		{D0A1A0C0-0011-4001-8001-000000000011}.Debug-2022|Any CPU.ActiveCfg = Debug-2022|Any CPU
		{D0A1A0C0-0011-4001-8001-000000000011}.Debug-2022|Any CPU.Build.0 = Debug-2022|Any CPU
		{D0A1A0C0-0011-4001-8001-000000000011}.Release-2022|Any CPU.ActiveCfg = Release-2022|Any CPU
		{D0A1A0C0-0011-4001-8001-000000000011}.Release-2022|Any CPU.Build.0 = Release-2022|Any CPU
		{D0A1A0C0-0011-4001-8001-000000000011}.Debug-2023|Any CPU.ActiveCfg = Debug-2023|Any CPU
		{D0A1A0C0-0011-4001-8001-000000000011}.Debug-2023|Any CPU.Build.0 = Debug-2023|Any CPU
		{D0A1A0C0-0011-4001-8001-000000000011}.Release-2023|Any CPU.ActiveCfg = Release-2023|Any CPU
		{D0A1A0C0-0011-4001-8001-000000000011}.Release-2023|Any CPU.Build.0 = Release-2023|Any CPU
		{D0A1A0C0-0011-4001-8001-000000000011}.Debug-2024|Any CPU.ActiveCfg = Debug-2024|Any CPU
		{D0A1A0C0-0011-4001-8001-000000000011}.Debug-2024|Any CPU.Build.0 = Debug-2024|Any CPU
		{D0A1A0C0-0011-4001-8001-000000000011}.Release-2024|Any CPU.ActiveCfg = Release-2024|Any CPU
		{D0A1A0C0-0011-4001-8001-000000000011}.Release-2024|Any CPU.Build.0 = Release-2024|Any CPU
		{D0A1A0C0-0011-4001-8001-000000000011}.Debug-2025|Any CPU.ActiveCfg = Debug-2025|Any CPU
		{D0A1A0C0-0011-4001-8001-000000000011}.Debug-2025|Any CPU.Build.0 = Debug-2025|Any CPU
		{D0A1A0C0-0011-4001-8001-000000000011}.Release-2025|Any CPU.ActiveCfg = Release-2025|Any CPU
		{D0A1A0C0-0011-4001-8001-000000000011}.Release-2025|Any CPU.Build.0 = Release-2025|Any CPU
		{D0A1A0C0-0011-4001-8001-000000000011}.Debug-2026|Any CPU.ActiveCfg = Debug-2026|Any CPU
		{D0A1A0C0-0011-4001-8001-000000000011}.Debug-2026|Any CPU.Build.0 = Debug-2026|Any CPU
		{D0A1A0C0-0011-4001-8001-000000000011}.Release-2026|Any CPU.ActiveCfg = Release-2026|Any CPU
		{D0A1A0C0-0011-4001-8001-000000000011}.Release-2026|Any CPU.Build.0 = Release-2026|Any CPU
		{D0A1A0C0-0011-4001-8001-000000000011}.Debug-2027|Any CPU.ActiveCfg = Debug-2027|Any CPU
		{D0A1A0C0-0011-4001-8001-000000000011}.Debug-2027|Any CPU.Build.0 = Debug-2027|Any CPU
		{D0A1A0C0-0011-4001-8001-000000000011}.Release-2027|Any CPU.ActiveCfg = Release-2027|Any CPU
		{D0A1A0C0-0011-4001-8001-000000000011}.Release-2027|Any CPU.Build.0 = Release-2027|Any CPU
		{D0A1A0C0-0012-4001-8001-000000000012}.Debug-2022|Any CPU.ActiveCfg = Debug-2022|Any CPU
		{D0A1A0C0-0012-4001-8001-000000000012}.Debug-2022|Any CPU.Build.0 = Debug-2022|Any CPU
		{D0A1A0C0-0012-4001-8001-000000000012}.Release-2022|Any CPU.ActiveCfg = Release-2022|Any CPU
		{D0A1A0C0-0012-4001-8001-000000000012}.Release-2022|Any CPU.Build.0 = Release-2022|Any CPU
		{D0A1A0C0-0012-4001-8001-000000000012}.Debug-2023|Any CPU.ActiveCfg = Debug-2023|Any CPU
		{D0A1A0C0-0012-4001-8001-000000000012}.Debug-2023|Any CPU.Build.0 = Debug-2023|Any CPU
		{D0A1A0C0-0012-4001-8001-000000000012}.Release-2023|Any CPU.ActiveCfg = Release-2023|Any CPU
		{D0A1A0C0-0012-4001-8001-000000000012}.Release-2023|Any CPU.Build.0 = Release-2023|Any CPU
		{D0A1A0C0-0012-4001-8001-000000000012}.Debug-2024|Any CPU.ActiveCfg = Debug-2024|Any CPU
		{D0A1A0C0-0012-4001-8001-000000000012}.Debug-2024|Any CPU.Build.0 = Debug-2024|Any CPU
		{D0A1A0C0-0012-4001-8001-000000000012}.Release-2024|Any CPU.ActiveCfg = Release-2024|Any CPU
		{D0A1A0C0-0012-4001-8001-000000000012}.Release-2024|Any CPU.Build.0 = Release-2024|Any CPU
		{D0A1A0C0-0012-4001-8001-000000000012}.Debug-2025|Any CPU.ActiveCfg = Debug-2025|Any CPU
		{D0A1A0C0-0012-4001-8001-000000000012}.Debug-2025|Any CPU.Build.0 = Debug-2025|Any CPU
		{D0A1A0C0-0012-4001-8001-000000000012}.Release-2025|Any CPU.ActiveCfg = Release-2025|Any CPU
		{D0A1A0C0-0012-4001-8001-000000000012}.Release-2025|Any CPU.Build.0 = Release-2025|Any CPU
		{D0A1A0C0-0012-4001-8001-000000000012}.Debug-2026|Any CPU.ActiveCfg = Debug-2026|Any CPU
		{D0A1A0C0-0012-4001-8001-000000000012}.Debug-2026|Any CPU.Build.0 = Debug-2026|Any CPU
		{D0A1A0C0-0012-4001-8001-000000000012}.Release-2026|Any CPU.ActiveCfg = Release-2026|Any CPU
		{D0A1A0C0-0012-4001-8001-000000000012}.Release-2026|Any CPU.Build.0 = Release-2026|Any CPU
		{D0A1A0C0-0012-4001-8001-000000000012}.Debug-2027|Any CPU.ActiveCfg = Debug-2027|Any CPU
		{D0A1A0C0-0012-4001-8001-000000000012}.Debug-2027|Any CPU.Build.0 = Debug-2027|Any CPU
		{D0A1A0C0-0012-4001-8001-000000000012}.Release-2027|Any CPU.ActiveCfg = Release-2027|Any CPU
		{D0A1A0C0-0012-4001-8001-000000000012}.Release-2027|Any CPU.Build.0 = Release-2027|Any CPU
		{D0A1A0C0-0013-4001-8001-000000000013}.Debug-2022|Any CPU.ActiveCfg = Debug-2022|Any CPU
		{D0A1A0C0-0013-4001-8001-000000000013}.Debug-2022|Any CPU.Build.0 = Debug-2022|Any CPU
		{D0A1A0C0-0013-4001-8001-000000000013}.Release-2022|Any CPU.ActiveCfg = Release-2022|Any CPU
		{D0A1A0C0-0013-4001-8001-000000000013}.Release-2022|Any CPU.Build.0 = Release-2022|Any CPU
		{D0A1A0C0-0013-4001-8001-000000000013}.Debug-2023|Any CPU.ActiveCfg = Debug-2023|Any CPU
		{D0A1A0C0-0013-4001-8001-000000000013}.Debug-2023|Any CPU.Build.0 = Debug-2023|Any CPU
		{D0A1A0C0-0013-4001-8001-000000000013}.Release-2023|Any CPU.ActiveCfg = Release-2023|Any CPU
		{D0A1A0C0-0013-4001-8001-000000000013}.Release-2023|Any CPU.Build.0 = Release-2023|Any CPU
		{D0A1A0C0-0013-4001-8001-000000000013}.Debug-2024|Any CPU.ActiveCfg = Debug-2024|Any CPU
		{D0A1A0C0-0013-4001-8001-000000000013}.Debug-2024|Any CPU.Build.0 = Debug-2024|Any CPU
		{D0A1A0C0-0013-4001-8001-000000000013}.Release-2024|Any CPU.ActiveCfg = Release-2024|Any CPU
		{D0A1A0C0-0013-4001-8001-000000000013}.Release-2024|Any CPU.Build.0 = Release-2024|Any CPU
		{D0A1A0C0-0013-4001-8001-000000000013}.Debug-2025|Any CPU.ActiveCfg = Debug-2025|Any CPU
		{D0A1A0C0-0013-4001-8001-000000000013}.Debug-2025|Any CPU.Build.0 = Debug-2025|Any CPU
		{D0A1A0C0-0013-4001-8001-000000000013}.Release-2025|Any CPU.ActiveCfg = Release-2025|Any CPU
		{D0A1A0C0-0013-4001-8001-000000000013}.Release-2025|Any CPU.Build.0 = Release-2025|Any CPU
		{D0A1A0C0-0013-4001-8001-000000000013}.Debug-2026|Any CPU.ActiveCfg = Debug-2026|Any CPU
		{D0A1A0C0-0013-4001-8001-000000000013}.Debug-2026|Any CPU.Build.0 = Debug-2026|Any CPU
		{D0A1A0C0-0013-4001-8001-000000000013}.Release-2026|Any CPU.ActiveCfg = Release-2026|Any CPU
		{D0A1A0C0-0013-4001-8001-000000000013}.Release-2026|Any CPU.Build.0 = Release-2026|Any CPU
		{D0A1A0C0-0013-4001-8001-000000000013}.Debug-2027|Any CPU.ActiveCfg = Debug-2027|Any CPU
		{D0A1A0C0-0013-4001-8001-000000000013}.Debug-2027|Any CPU.Build.0 = Debug-2027|Any CPU
		{D0A1A0C0-0013-4001-8001-000000000013}.Release-2027|Any CPU.ActiveCfg = Release-2027|Any CPU
		{D0A1A0C0-0013-4001-8001-000000000013}.Release-2027|Any CPU.Build.0 = Release-2027|Any CPU
		{D0A1A0C0-0021-4001-8001-000000000021}.Debug-2022|Any CPU.ActiveCfg = Debug-2022|Any CPU
		{D0A1A0C0-0021-4001-8001-000000000021}.Debug-2022|Any CPU.Build.0 = Debug-2022|Any CPU
		{D0A1A0C0-0021-4001-8001-000000000021}.Release-2022|Any CPU.ActiveCfg = Release-2022|Any CPU
		{D0A1A0C0-0021-4001-8001-000000000021}.Release-2022|Any CPU.Build.0 = Release-2022|Any CPU
		{D0A1A0C0-0021-4001-8001-000000000021}.Debug-2023|Any CPU.ActiveCfg = Debug-2023|Any CPU
		{D0A1A0C0-0021-4001-8001-000000000021}.Debug-2023|Any CPU.Build.0 = Debug-2023|Any CPU
		{D0A1A0C0-0021-4001-8001-000000000021}.Release-2023|Any CPU.ActiveCfg = Release-2023|Any CPU
		{D0A1A0C0-0021-4001-8001-000000000021}.Release-2023|Any CPU.Build.0 = Release-2023|Any CPU
		{D0A1A0C0-0021-4001-8001-000000000021}.Debug-2024|Any CPU.ActiveCfg = Debug-2024|Any CPU
		{D0A1A0C0-0021-4001-8001-000000000021}.Debug-2024|Any CPU.Build.0 = Debug-2024|Any CPU
		{D0A1A0C0-0021-4001-8001-000000000021}.Release-2024|Any CPU.ActiveCfg = Release-2024|Any CPU
		{D0A1A0C0-0021-4001-8001-000000000021}.Release-2024|Any CPU.Build.0 = Release-2024|Any CPU
		{D0A1A0C0-0021-4001-8001-000000000021}.Debug-2025|Any CPU.ActiveCfg = Debug-2025|Any CPU
		{D0A1A0C0-0021-4001-8001-000000000021}.Debug-2025|Any CPU.Build.0 = Debug-2025|Any CPU
		{D0A1A0C0-0021-4001-8001-000000000021}.Release-2025|Any CPU.ActiveCfg = Release-2025|Any CPU
		{D0A1A0C0-0021-4001-8001-000000000021}.Release-2025|Any CPU.Build.0 = Release-2025|Any CPU
		{D0A1A0C0-0021-4001-8001-000000000021}.Debug-2026|Any CPU.ActiveCfg = Debug-2026|Any CPU
		{D0A1A0C0-0021-4001-8001-000000000021}.Debug-2026|Any CPU.Build.0 = Debug-2026|Any CPU
		{D0A1A0C0-0021-4001-8001-000000000021}.Release-2026|Any CPU.ActiveCfg = Release-2026|Any CPU
		{D0A1A0C0-0021-4001-8001-000000000021}.Release-2026|Any CPU.Build.0 = Release-2026|Any CPU
		{D0A1A0C0-0021-4001-8001-000000000021}.Debug-2027|Any CPU.ActiveCfg = Debug-2027|Any CPU
		{D0A1A0C0-0021-4001-8001-000000000021}.Debug-2027|Any CPU.Build.0 = Debug-2027|Any CPU
		{D0A1A0C0-0021-4001-8001-000000000021}.Release-2027|Any CPU.ActiveCfg = Release-2027|Any CPU
		{D0A1A0C0-0021-4001-8001-000000000021}.Release-2027|Any CPU.Build.0 = Release-2027|Any CPU
		{D0A1A0C0-0022-4001-8001-000000000022}.Debug-2022|Any CPU.ActiveCfg = Debug-2022|Any CPU
		{D0A1A0C0-0022-4001-8001-000000000022}.Debug-2022|Any CPU.Build.0 = Debug-2022|Any CPU
		{D0A1A0C0-0022-4001-8001-000000000022}.Release-2022|Any CPU.ActiveCfg = Release-2022|Any CPU
		{D0A1A0C0-0022-4001-8001-000000000022}.Release-2022|Any CPU.Build.0 = Release-2022|Any CPU
		{D0A1A0C0-0022-4001-8001-000000000022}.Debug-2023|Any CPU.ActiveCfg = Debug-2023|Any CPU
		{D0A1A0C0-0022-4001-8001-000000000022}.Debug-2023|Any CPU.Build.0 = Debug-2023|Any CPU
		{D0A1A0C0-0022-4001-8001-000000000022}.Release-2023|Any CPU.ActiveCfg = Release-2023|Any CPU
		{D0A1A0C0-0022-4001-8001-000000000022}.Release-2023|Any CPU.Build.0 = Release-2023|Any CPU
		{D0A1A0C0-0022-4001-8001-000000000022}.Debug-2024|Any CPU.ActiveCfg = Debug-2024|Any CPU
		{D0A1A0C0-0022-4001-8001-000000000022}.Debug-2024|Any CPU.Build.0 = Debug-2024|Any CPU
		{D0A1A0C0-0022-4001-8001-000000000022}.Release-2024|Any CPU.ActiveCfg = Release-2024|Any CPU
		{D0A1A0C0-0022-4001-8001-000000000022}.Release-2024|Any CPU.Build.0 = Release-2024|Any CPU
		{D0A1A0C0-0022-4001-8001-000000000022}.Debug-2025|Any CPU.ActiveCfg = Debug-2025|Any CPU
		{D0A1A0C0-0022-4001-8001-000000000022}.Debug-2025|Any CPU.Build.0 = Debug-2025|Any CPU
		{D0A1A0C0-0022-4001-8001-000000000022}.Release-2025|Any CPU.ActiveCfg = Release-2025|Any CPU
		{D0A1A0C0-0022-4001-8001-000000000022}.Release-2025|Any CPU.Build.0 = Release-2025|Any CPU
		{D0A1A0C0-0022-4001-8001-000000000022}.Debug-2026|Any CPU.ActiveCfg = Debug-2026|Any CPU
		{D0A1A0C0-0022-4001-8001-000000000022}.Debug-2026|Any CPU.Build.0 = Debug-2026|Any CPU
		{D0A1A0C0-0022-4001-8001-000000000022}.Release-2026|Any CPU.ActiveCfg = Release-2026|Any CPU
		{D0A1A0C0-0022-4001-8001-000000000022}.Release-2026|Any CPU.Build.0 = Release-2026|Any CPU
		{D0A1A0C0-0022-4001-8001-000000000022}.Debug-2027|Any CPU.ActiveCfg = Debug-2027|Any CPU
		{D0A1A0C0-0022-4001-8001-000000000022}.Debug-2027|Any CPU.Build.0 = Debug-2027|Any CPU
		{D0A1A0C0-0022-4001-8001-000000000022}.Release-2027|Any CPU.ActiveCfg = Release-2027|Any CPU
		{D0A1A0C0-0022-4001-8001-000000000022}.Release-2027|Any CPU.Build.0 = Release-2027|Any CPU
		{D0A1A0C0-0023-4001-8001-000000000023}.Debug-2022|Any CPU.ActiveCfg = Debug-2022|Any CPU
		{D0A1A0C0-0023-4001-8001-000000000023}.Debug-2022|Any CPU.Build.0 = Debug-2022|Any CPU
		{D0A1A0C0-0023-4001-8001-000000000023}.Release-2022|Any CPU.ActiveCfg = Release-2022|Any CPU
		{D0A1A0C0-0023-4001-8001-000000000023}.Release-2022|Any CPU.Build.0 = Release-2022|Any CPU
		{D0A1A0C0-0023-4001-8001-000000000023}.Debug-2023|Any CPU.ActiveCfg = Debug-2023|Any CPU
		{D0A1A0C0-0023-4001-8001-000000000023}.Debug-2023|Any CPU.Build.0 = Debug-2023|Any CPU
		{D0A1A0C0-0023-4001-8001-000000000023}.Release-2023|Any CPU.ActiveCfg = Release-2023|Any CPU
		{D0A1A0C0-0023-4001-8001-000000000023}.Release-2023|Any CPU.Build.0 = Release-2023|Any CPU
		{D0A1A0C0-0023-4001-8001-000000000023}.Debug-2024|Any CPU.ActiveCfg = Debug-2024|Any CPU
		{D0A1A0C0-0023-4001-8001-000000000023}.Debug-2024|Any CPU.Build.0 = Debug-2024|Any CPU
		{D0A1A0C0-0023-4001-8001-000000000023}.Release-2024|Any CPU.ActiveCfg = Release-2024|Any CPU
		{D0A1A0C0-0023-4001-8001-000000000023}.Release-2024|Any CPU.Build.0 = Release-2024|Any CPU
		{D0A1A0C0-0023-4001-8001-000000000023}.Debug-2025|Any CPU.ActiveCfg = Debug-2025|Any CPU
		{D0A1A0C0-0023-4001-8001-000000000023}.Debug-2025|Any CPU.Build.0 = Debug-2025|Any CPU
		{D0A1A0C0-0023-4001-8001-000000000023}.Release-2025|Any CPU.ActiveCfg = Release-2025|Any CPU
		{D0A1A0C0-0023-4001-8001-000000000023}.Release-2025|Any CPU.Build.0 = Release-2025|Any CPU
		{D0A1A0C0-0023-4001-8001-000000000023}.Debug-2026|Any CPU.ActiveCfg = Debug-2026|Any CPU
		{D0A1A0C0-0023-4001-8001-000000000023}.Debug-2026|Any CPU.Build.0 = Debug-2026|Any CPU
		{D0A1A0C0-0023-4001-8001-000000000023}.Release-2026|Any CPU.ActiveCfg = Release-2026|Any CPU
		{D0A1A0C0-0023-4001-8001-000000000023}.Release-2026|Any CPU.Build.0 = Release-2026|Any CPU
		{D0A1A0C0-0023-4001-8001-000000000023}.Debug-2027|Any CPU.ActiveCfg = Debug-2027|Any CPU
		{D0A1A0C0-0023-4001-8001-000000000023}.Debug-2027|Any CPU.Build.0 = Debug-2027|Any CPU
		{D0A1A0C0-0023-4001-8001-000000000023}.Release-2027|Any CPU.ActiveCfg = Release-2027|Any CPU
		{D0A1A0C0-0023-4001-8001-000000000023}.Release-2027|Any CPU.Build.0 = Release-2027|Any CPU
		{E6C4D62E-91EA-48D2-90A7-DED1D12F749A}.Debug-2022|Any CPU.ActiveCfg = Debug-2022|Any CPU
		{E6C4D62E-91EA-48D2-90A7-DED1D12F749A}.Debug-2022|Any CPU.Build.0 = Debug-2022|Any CPU
		{E6C4D62E-91EA-48D2-90A7-DED1D12F749A}.Release-2022|Any CPU.ActiveCfg = Release-2022|Any CPU
		{E6C4D62E-91EA-48D2-90A7-DED1D12F749A}.Release-2022|Any CPU.Build.0 = Release-2022|Any CPU
		{E6C4D62E-91EA-48D2-90A7-DED1D12F749A}.Debug-2023|Any CPU.ActiveCfg = Debug-2023|Any CPU
		{E6C4D62E-91EA-48D2-90A7-DED1D12F749A}.Debug-2023|Any CPU.Build.0 = Debug-2023|Any CPU
		{E6C4D62E-91EA-48D2-90A7-DED1D12F749A}.Release-2023|Any CPU.ActiveCfg = Release-2023|Any CPU
		{E6C4D62E-91EA-48D2-90A7-DED1D12F749A}.Release-2023|Any CPU.Build.0 = Release-2023|Any CPU
		{E6C4D62E-91EA-48D2-90A7-DED1D12F749A}.Debug-2024|Any CPU.ActiveCfg = Debug-2024|Any CPU
		{E6C4D62E-91EA-48D2-90A7-DED1D12F749A}.Debug-2024|Any CPU.Build.0 = Debug-2024|Any CPU
		{E6C4D62E-91EA-48D2-90A7-DED1D12F749A}.Release-2024|Any CPU.ActiveCfg = Release-2024|Any CPU
		{E6C4D62E-91EA-48D2-90A7-DED1D12F749A}.Release-2024|Any CPU.Build.0 = Release-2024|Any CPU
		{E6C4D62E-91EA-48D2-90A7-DED1D12F749A}.Debug-2025|Any CPU.ActiveCfg = Debug-2025|Any CPU
		{E6C4D62E-91EA-48D2-90A7-DED1D12F749A}.Debug-2025|Any CPU.Build.0 = Debug-2025|Any CPU
		{E6C4D62E-91EA-48D2-90A7-DED1D12F749A}.Release-2025|Any CPU.ActiveCfg = Release-2025|Any CPU
		{E6C4D62E-91EA-48D2-90A7-DED1D12F749A}.Release-2025|Any CPU.Build.0 = Release-2025|Any CPU
		{E6C4D62E-91EA-48D2-90A7-DED1D12F749A}.Debug-2026|Any CPU.ActiveCfg = Debug-2026|Any CPU
		{E6C4D62E-91EA-48D2-90A7-DED1D12F749A}.Debug-2026|Any CPU.Build.0 = Debug-2026|Any CPU
		{E6C4D62E-91EA-48D2-90A7-DED1D12F749A}.Release-2026|Any CPU.ActiveCfg = Release-2026|Any CPU
		{E6C4D62E-91EA-48D2-90A7-DED1D12F749A}.Release-2026|Any CPU.Build.0 = Release-2026|Any CPU
		{E6C4D62E-91EA-48D2-90A7-DED1D12F749A}.Debug-2027|Any CPU.ActiveCfg = Debug-2027|Any CPU
		{E6C4D62E-91EA-48D2-90A7-DED1D12F749A}.Debug-2027|Any CPU.Build.0 = Debug-2027|Any CPU
		{E6C4D62E-91EA-48D2-90A7-DED1D12F749A}.Release-2027|Any CPU.ActiveCfg = Release-2027|Any CPU
		{E6C4D62E-91EA-48D2-90A7-DED1D12F749A}.Release-2027|Any CPU.Build.0 = Release-2027|Any CPU
	EndGlobalSection
	GlobalSection(SolutionProperties) = preSolution
		HideSolutionNode = FALSE
	EndGlobalSection
	GlobalSection(NestedProjects) = preSolution
		{E0000000-0000-4000-8000-000000000002} = {E0000000-0000-4000-8000-000000000001}
		{E0000000-0000-4000-8000-000000000004} = {E0000000-0000-4000-8000-000000000001}
		{D0A1A0C0-0002-4001-8001-000000000002} = {E0000000-0000-4000-8000-000000000002}
		{D0A1A0C0-0003-4001-8001-000000000003} = {E0000000-0000-4000-8000-000000000002}
		{A8BBD8B8-4D41-B0E7-BECE-1F7ECE8CF427} = {E0000000-0000-4000-8000-000000000002}
		{D0A1A0C0-0021-4001-8001-000000000021} = {A8BBD8B8-4D41-B0E7-BECE-1F7ECE8CF427}
		{D0A1A0C0-0011-4001-8001-000000000011} = {E0000000-0000-4000-8000-000000000004}
		{D0A1A0C0-0012-4001-8001-000000000012} = {E0000000-0000-4000-8000-000000000004}
		{D0A1A0C0-0013-4001-8001-000000000013} = {E0000000-0000-4000-8000-000000000004}
		{D0A1A0C0-0022-4001-8001-000000000022} = {E0000000-0000-4000-8000-000000000004}
		{D0A1A0C0-0023-4001-8001-000000000023} = {E0000000-0000-4000-8000-000000000004}
		{D0A1A0C0-0001-4001-8001-000000000001} = {E0000000-0000-4000-8000-000000000003}
		{E6C4D62E-91EA-48D2-90A7-DED1D12F749A} = {1AB3BF05-4346-4AA6-1389-037BE0695223}
	EndGlobalSection
EndGlobal
